Microsoft Visual Studio Solution File, Format Version 12.00
# Visual Studio Version 17
VisualStudioVersion = 17.5.2.0
MinimumVisualStudioVersion = 10.0.40219.1
Project("{2150E333-8FDC-42A3-9474-1A3956D46DE8}") = "Threads", "Threads", "{E47D389C-68F5-4510-09AC-DD2CD6A4D5EC}"
EndProject
Project("{2150E333-8FDC-42A3-9474-1A3956D46DE8}") = "BufferLimitado", "BufferLimitado", "{A39A3BCB-2AC8-DDB2-1644-1323589A0AED}"
EndProject
Project("{FAE04EC0-301F-11D3-BF4B-00C04F79EFBC}") = "CSharp", "Threads\BufferLimitado\CSharp\CSharp.csproj", "{F0823A5C-B099-8B39-80AB-CAE46449B468}"
EndProject
Global
	GlobalSection(SolutionConfigurationPlatforms) = preSolution
		Debug|Any CPU = Debug|Any CPU
		Release|Any CPU = Release|Any CPU
	EndGlobalSection
	GlobalSection(ProjectConfigurationPlatforms) = postSolution
		{F0823A5C-B099-8B39-80AB-CAE46449B468}.Debug|Any CPU.ActiveCfg = Debug|Any CPU
		{F0823A5C-B099-8B39-80AB-CAE46449B468}.Debug|Any CPU.Build.0 = Debug|Any CPU
		{F0823A5C-B099-8B39-80AB-CAE46449B468}.Release|Any CPU.ActiveCfg = Release|Any CPU
		{F0823A5C-B099-8B39-80AB-CAE46449B468}.Release|Any CPU.Build.0 = Release|Any CPU
	EndGlobalSection
	GlobalSection(SolutionProperties) = preSolution
		HideSolutionNode = FALSE
	EndGlobalSection
	GlobalSection(NestedProjects) = preSolution
		{A39A3BCB-2AC8-DDB2-1644-1323589A0AED} = {E47D389C-68F5-4510-09AC-DD2CD6A4D5EC}
		{F0823A5C-B099-8B39-80AB-CAE46449B468} = {A39A3BCB-2AC8-DDB2-1644-1323589A0AED}
	EndGlobalSection
	GlobalSection(ExtensibilityGlobals) = postSolution
		SolutionGuid = {EFAF9824-CB38-4D3D-A9FC-A1E8C625E7C7}
	EndGlobalSection
EndGlobal
